
Microsoft Visual Studio Solution File, Format Version 12.00
# Visual Studio Version 17
VisualStudioVersion = 17.10.35027.167
MinimumVisualStudioVersion = 10.0.40219.1
Project("{9A19103F-16F7-4668-BE54-9A1E7A4F7556}") = "APP", "DiscordBot\APP.csproj", "{17A8168C-64F6-4D1C-8F67-370300F05F5E}"
EndProject
Project("{9A19103F-16F7-4668-BE54-9A1E7A4F7556}") = "BLL", "BLL\BLL.csproj", "{9E8CB185-376F-4383-AE1B-D00D4EEB4DAD}"
EndProject
Project("{2150E333-8FDC-42A3-9474-1A3956D46DE8}") = "TestApplications", "TestApplications", "{FB207B98-ECB0-43BD-800C-A99F5F8744F5}"
EndProject
Project("{FAE04EC0-301F-11D3-BF4B-00C04F79EFBC}") = "DLLSQLite", "DLLSQLite\DLLSQLite.csproj", "{C2D61039-80A0-4031-A205-FA12AFE0DD21}"
EndProject
Project("{FAE04EC0-301F-11D3-BF4B-00C04F79EFBC}") = "DLLSQLServer", "DLLSQLServer\DLLSQLServer.csproj", "{AFC8EB6E-4F92-41B1-9043-CE778CE5E5E1}"
EndProject
Project("{FAE04EC0-301F-11D3-BF4B-00C04F79EFBC}") = "DLL", "DLL\DLL.csproj", "{2E6C4EF5-7B6F-4C43-B458-2725AFB7FE45}"
EndProject
Project("{FAE04EC0-301F-11D3-BF4B-00C04F79EFBC}") = "TestProjectxUnit", "TestProjectxUnit\TestProjectxUnit.csproj", "{E878FF3A-8BF4-4035-B624-D23E36C6378C}"
EndProject
Project("{FAE04EC0-301F-11D3-BF4B-00C04F79EFBC}") = "TestConsoleApp", "TestConsoleApp\TestConsoleApp.csproj", "{E1B94E5D-8697-4E68-9593-4BF69EC6E42A}"
EndProject
Project("{FAE04EC0-301F-11D3-BF4B-00C04F79EFBC}") = "DLLProvider", "DLLProvider\DLLProvider.csproj", "{040906CE-A917-485F-961E-A50CEFD9C87C}"
EndProject
Global
	GlobalSection(SolutionConfigurationPlatforms) = preSolution
		Debug|Any CPU = Debug|Any CPU
		Release|Any CPU = Release|Any CPU
	EndGlobalSection
	GlobalSection(ProjectConfigurationPlatforms) = postSolution
		{17A8168C-64F6-4D1C-8F67-370300F05F5E}.Debug|Any CPU.ActiveCfg = Debug|Any CPU
		{17A8168C-64F6-4D1C-8F67-370300F05F5E}.Debug|Any CPU.Build.0 = Debug|Any CPU
		{17A8168C-64F6-4D1C-8F67-370300F05F5E}.Release|Any CPU.ActiveCfg = Release|Any CPU
		{17A8168C-64F6-4D1C-8F67-370300F05F5E}.Release|Any CPU.Build.0 = Release|Any CPU
		{9E8CB185-376F-4383-AE1B-D00D4EEB4DAD}.Debug|Any CPU.ActiveCfg = Debug|Any CPU
		{9E8CB185-376F-4383-AE1B-D00D4EEB4DAD}.Debug|Any CPU.Build.0 = Debug|Any CPU
		{9E8CB185-376F-4383-AE1B-D00D4EEB4DAD}.Release|Any CPU.ActiveCfg = Release|Any CPU
		{9E8CB185-376F-4383-AE1B-D00D4EEB4DAD}.Release|Any CPU.Build.0 = Release|Any CPU
		{C2D61039-80A0-4031-A205-FA12AFE0DD21}.Debug|Any CPU.ActiveCfg = Debug|Any CPU
		{C2D61039-80A0-4031-A205-FA12AFE0DD21}.Debug|Any CPU.Build.0 = Debug|Any CPU
		{C2D61039-80A0-4031-A205-FA12AFE0DD21}.Release|Any CPU.ActiveCfg = Release|Any CPU
		{C2D61039-80A0-4031-A205-FA12AFE0DD21}.Release|Any CPU.Build.0 = Release|Any CPU
		{AFC8EB6E-4F92-41B1-9043-CE778CE5E5E1}.Debug|Any CPU.ActiveCfg = Debug|Any CPU
		{AFC8EB6E-4F92-41B1-9043-CE778CE5E5E1}.Debug|Any CPU.Build.0 = Debug|Any CPU
		{AFC8EB6E-4F92-41B1-9043-CE778CE5E5E1}.Release|Any CPU.ActiveCfg = Release|Any CPU
		{AFC8EB6E-4F92-41B1-9043-CE778CE5E5E1}.Release|Any CPU.Build.0 = Release|Any CPU
		{2E6C4EF5-7B6F-4C43-B458-2725AFB7FE45}.Debug|Any CPU.ActiveCfg = Debug|Any CPU
		{2E6C4EF5-7B6F-4C43-B458-2725AFB7FE45}.Debug|Any CPU.Build.0 = Debug|Any CPU
		{2E6C4EF5-7B6F-4C43-B458-2725AFB7FE45}.Release|Any CPU.ActiveCfg = Release|Any CPU
		{2E6C4EF5-7B6F-4C43-B458-2725AFB7FE45}.Release|Any CPU.Build.0 = Release|Any CPU
		{E878FF3A-8BF4-4035-B624-D23E36C6378C}.Debug|Any CPU.ActiveCfg = Debug|Any CPU
		{E878FF3A-8BF4-4035-B624-D23E36C6378C}.Debug|Any CPU.Build.0 = Debug|Any CPU
		{E878FF3A-8BF4-4035-B624-D23E36C6378C}.Release|Any CPU.ActiveCfg = Release|Any CPU
		{E878FF3A-8BF4-4035-B624-D23E36C6378C}.Release|Any CPU.Build.0 = Release|Any CPU
		{E1B94E5D-8697-4E68-9593-4BF69EC6E42A}.Debug|Any CPU.ActiveCfg = Debug|Any CPU
		{E1B94E5D-8697-4E68-9593-4BF69EC6E42A}.Debug|Any CPU.Build.0 = Debug|Any CPU
		{E1B94E5D-8697-4E68-9593-4BF69EC6E42A}.Release|Any CPU.ActiveCfg = Release|Any CPU
		{E1B94E5D-8697-4E68-9593-4BF69EC6E42A}.Release|Any CPU.Build.0 = Release|Any CPU
		{040906CE-A917-485F-961E-A50CEFD9C87C}.Debug|Any CPU.ActiveCfg = Debug|Any CPU
		{040906CE-A917-485F-961E-A50CEFD9C87C}.Debug|Any CPU.Build.0 = Debug|Any CPU
		{040906CE-A917-485F-961E-A50CEFD9C87C}.Release|Any CPU.ActiveCfg = Release|Any CPU
		{040906CE-A917-485F-961E-A50CEFD9C87C}.Release|Any CPU.Build.0 = Release|Any CPU
	EndGlobalSection
	GlobalSection(SolutionProperties) = preSolution
		HideSolutionNode = FALSE
	EndGlobalSection
	GlobalSection(NestedProjects) = preSolution
		{E878FF3A-8BF4-4035-B624-D23E36C6378C} = {FB207B98-ECB0-43BD-800C-A99F5F8744F5}
		{E1B94E5D-8697-4E68-9593-4BF69EC6E42A} = {FB207B98-ECB0-43BD-800C-A99F5F8744F5}
	EndGlobalSection
	GlobalSection(ExtensibilityGlobals) = postSolution
		SolutionGuid = {1DBD2D4F-C202-46B1-9551-680B541F4F1F}
	EndGlobalSection
EndGlobal
